# This file is autogenerated, do not edit; changes may be undone by the next 'dep ensure'.


[[projects]]
  branch = "master"
  name = "github.com/fvbock/endless"
  packages = ["."]
  revision = "447134032cb6a86814f570257390a379982dfc61"

[solve-meta]
  analyzer-name = "dep"
  analyzer-version = 1
  inputs-digest = "79ec10a6ed6f1f833d3c00e964e80e0a54a77c64eb1bb0d9267e6679ecf33e65"
  solver-name = "gps-cdcl"
  solver-version = 1
